
Microsoft Visual Studio Solution File, Format Version 12.00
# Visual Studio Version 16
VisualStudioVersion = 16.0.29613.14
MinimumVisualStudioVersion = 10.0.40219.1
Project("{9A19103F-16F7-4668-BE54-9A1E7A4F7556}") = "EnesKartalCom", "EnesKartalCom\EnesKartalCom.csproj", "{57BDE497-BE9F-47C2-B9C5-476E2BCA77E1}"
EndProject
Project("{9A19103F-16F7-4668-BE54-9A1E7A4F7556}") = "HelperLibrary", "..\HelperLibrary\HelperLibrary\HelperLibrary.csproj", "{B7790343-BF35-43F1-ACE3-8F92E766474D}"
EndProject
Project("{FAE04EC0-301F-11D3-BF4B-00C04F79EFBC}") = "EnesKartalApi", "EnesKartalApi\EnesKartalApi.csproj", "{9C863F9F-A8F7-4A60-B586-C7A480493EDA}"
EndProject
Global
	GlobalSection(SolutionConfigurationPlatforms) = preSolution
		Debug|Any CPU = Debug|Any CPU
		Release|Any CPU = Release|Any CPU
	EndGlobalSection
	GlobalSection(ProjectConfigurationPlatforms) = postSolution
		{57BDE497-BE9F-47C2-B9C5-476E2BCA77E1}.Debug|Any CPU.ActiveCfg = Debug|Any CPU
		{57BDE497-BE9F-47C2-B9C5-476E2BCA77E1}.Debug|Any CPU.Build.0 = Debug|Any CPU
		{57BDE497-BE9F-47C2-B9C5-476E2BCA77E1}.Release|Any CPU.ActiveCfg = Release|Any CPU
		{57BDE497-BE9F-47C2-B9C5-476E2BCA77E1}.Release|Any CPU.Build.0 = Release|Any CPU
		{B7790343-BF35-43F1-ACE3-8F92E766474D}.Debug|Any CPU.ActiveCfg = Debug|Any CPU
		{B7790343-BF35-43F1-ACE3-8F92E766474D}.Debug|Any CPU.Build.0 = Debug|Any CPU
		{B7790343-BF35-43F1-ACE3-8F92E766474D}.Release|Any CPU.ActiveCfg = Release|Any CPU
		{B7790343-BF35-43F1-ACE3-8F92E766474D}.Release|Any CPU.Build.0 = Release|Any CPU
		{9C863F9F-A8F7-4A60-B586-C7A480493EDA}.Debug|Any CPU.ActiveCfg = Debug|Any CPU
		{9C863F9F-A8F7-4A60-B586-C7A480493EDA}.Debug|Any CPU.Build.0 = Debug|Any CPU
		{9C863F9F-A8F7-4A60-B586-C7A480493EDA}.Release|Any CPU.ActiveCfg = Release|Any CPU
		{9C863F9F-A8F7-4A60-B586-C7A480493EDA}.Release|Any CPU.Build.0 = Release|Any CPU
	EndGlobalSection
	GlobalSection(SolutionProperties) = preSolution
		HideSolutionNode = FALSE
	EndGlobalSection
	GlobalSection(ExtensibilityGlobals) = postSolution
		SolutionGuid = {2AF63A5C-5069-4D27-9A47-A061CA0B3EE8}
	EndGlobalSection
EndGlobal
